<?xml version="1.0" encoding="utf-8"?>
<Project ToolsVersion="4.0" xmlns="http://schemas.microsoft.com/developer/msbuild/2003">
  <ItemGroup>
    <Filter Include="Source Files">
      <UniqueIdentifier>{4FC737F1-C7A5-4376-A066-2A32D752A2FF}</UniqueIdentifier>
      <Extensions>cpp;c;cc;cxx;def;odl;idl;hpj;bat;asm;asmx</Extensions>
    </Filter>
    <Filter Include="Source Files\model">
      <UniqueIdentifier>{ddbedcb4-d476-4ac3-93f8-e14eebc8d5fc}</UniqueIdentifier>
    </Filter>
    <Filter Include="Header Files">
      <UniqueIdentifier>{93995380-89BD-4b04-88EB-625FBE52EBFB}</UniqueIdentifier>
      <Extensions>h;hpp;hxx;hm;inl;inc;xsd</Extensions>
    </Filter>
    <Filter Include="Header Files\model">
      <UniqueIdentifier>{bf968fb2-b331-4a23-bd43-453691bbf2ce}</UniqueIdentifier>
    </Filter>
    <Filter Include="Resource Files">
      <UniqueIdentifier>{67DA6AB6-F800-4c08-8B7A-83BB121AAD01}</UniqueIdentifier>
      <Extensions>rc;ico;cur;bmp;dlg;rc2;rct;bin;rgs;gif;jpg;jpeg;jpe;resx;tiff;tif;png;wav</Extensions>
    </Filter>
    <Filter Include="Source Files\platform">
      <UniqueIdentifier>{acfad622-c185-49f8-b263-79d9f340a6cc}</UniqueIdentifier>
    </Filter>
    <Filter Include="Header Files\platform">
      <UniqueIdentifier>{e097439a-c467-4e42-942a-a2651e1a9a60}</UniqueIdentifier>
    </Filter>
  </ItemGroup>
  <ItemGroup>
    <ClCompile Include="model\world.c">
      <Filter>Source Files\model</Filter>
    </ClCompile>
    <ClCompile Include="remote_process_client.c">
      <Filter>Source Files</Filter>
    </ClCompile>
    <ClCompile Include="my_strategy.c">
      <Filter>Source Files</Filter>
    </ClCompile>
    <ClCompile Include="platform\net.c">
      <Filter>Source Files\platform</Filter>
    </ClCompile>
    <ClCompile Include="runner.c">
      <Filter>Source Files</Filter>
    </ClCompile>
  </ItemGroup>
  <ItemGroup>
    <ClInclude Include="model\world.h">
      <Filter>Header Files\model</Filter>
    </ClInclude>
    <ClInclude Include="model\bonus.h">
      <Filter>Header Files\model</Filter>
    </ClInclude>
    <ClInclude Include="model\trooper.h">
      <Filter>Header Files\model</Filter>
    </ClInclude>
    <ClInclude Include="model\player.h">
      <Filter>Header Files\model</Filter>
    </ClInclude>
    <ClInclude Include="model\move.h">
      <Filter>Header Files\model</Filter>
    </ClInclude>
    <ClInclude Include="model\player_context.h">
      <Filter>Header Files\model</Filter>
    </ClInclude>
    <ClInclude Include="model\game.h">
      <Filter>Header Files\model</Filter>
    </ClInclude>
    <ClInclude Include="runner.h">
      <Filter>Header Files</Filter>
    </ClInclude>
    <ClInclude Include="remote_process_client.h">
      <Filter>Header Files</Filter>
    </ClInclude>
    <ClInclude Include="my_strategy.h">
      <Filter>Header Files</Filter>
    </ClInclude>
    <ClInclude Include="strategy.h">
      <Filter>Header Files</Filter>
    </ClInclude>
    <ClInclude Include="platform\net.h">
      <Filter>Header Files\platform</Filter>
    </ClInclude>
    <ClInclude Include="model\common.h">
      <Filter>Header Files\model</Filter>
    </ClInclude>
  </ItemGroup>
</Project>